// !$*UTF8*$!
{
	archiveVersion = 1;
	classes = {
	};
	objectVersion = 46;
	objects = {

/* Begin PBXBuildFile section */
		6319A1401A7B6FA100E21FDB /* main.m in Sources */ = {isa = PBXBuildFile; fileRef = 6319A13F1A7B6FA100E21FDB /* main.m */; };
		6319A1431A7B6FA100E21FDB /* AppDelegate.m in Sources */ = {isa = PBXBuildFile; fileRef = 6319A1421A7B6FA100E21FDB /* AppDelegate.m */; };
		6319A1461A7B6FA100E21FDB /* ViewController.m in Sources */ = {isa = PBXBuildFile; fileRef = 6319A1451A7B6FA100E21FDB /* ViewController.m */; };
		6319A1491A7B6FA100E21FDB /* Main.storyboard in Resources */ = {isa = PBXBuildFile; fileRef = 6319A1471A7B6FA100E21FDB /* Main.storyboard */; };
		6319A14B1A7B6FA100E21FDB /* Images.xcassets in Resources */ = {isa = PBXBuildFile; fileRef = 6319A14A1A7B6FA100E21FDB /* Images.xcassets */; };
		6319A14E1A7B6FA100E21FDB /* LaunchScreen.xib in Resources */ = {isa = PBXBuildFile; fileRef = 6319A14C1A7B6FA100E21FDB /* LaunchScreen.xib */; };
		6319A15A1A7B6FA100E21FDB /* TouchKenTests.m in Sources */ = {isa = PBXBuildFile; fileRef = 6319A1591A7B6FA100E21FDB /* TouchKenTests.m */; };
		6319A1651A7B6FC300E21FDB /* Ken.m in Sources */ = {isa = PBXBuildFile; fileRef = 6319A1641A7B6FC300E21FDB /* Ken.m */; };
		6319A1B11A7B7F5D00E21FDB /* ken1.png in Resources */ = {isa = PBXBuildFile; fileRef = 6319A1A51A7B7F5D00E21FDB /* ken1.png */; };
		6319A1B21A7B7F5D00E21FDB /* ken1r.png in Resources */ = {isa = PBXBuildFile; fileRef = 6319A1A61A7B7F5D00E21FDB /* ken1r.png */; };
		6319A1B31A7B7F5D00E21FDB /* ken2.png in Resources */ = {isa = PBXBuildFile; fileRef = 6319A1A71A7B7F5D00E21FDB /* ken2.png */; };
		6319A1B41A7B7F5D00E21FDB /* ken2r.png in Resources */ = {isa = PBXBuildFile; fileRef = 6319A1A81A7B7F5D00E21FDB /* ken2r.png */; };
		6319A1B51A7B7F5D00E21FDB /* ken3.png in Resources */ = {isa = PBXBuildFile; fileRef = 6319A1A91A7B7F5D00E21FDB /* ken3.png */; };
		6319A1B61A7B7F5D00E21FDB /* ken3r.png in Resources */ = {isa = PBXBuildFile; fileRef = 6319A1AA1A7B7F5D00E21FDB /* ken3r.png */; };
		6319A1B71A7B7F5D00E21FDB /* ken4.png in Resources */ = {isa = PBXBuildFile; fileRef = 6319A1AB1A7B7F5D00E21FDB /* ken4.png */; };
		6319A1B81A7B7F5D00E21FDB /* ken4r.png in Resources */ = {isa = PBXBuildFile; fileRef = 6319A1AC1A7B7F5D00E21FDB /* ken4r.png */; };
		6319A1B91A7B7F5D00E21FDB /* ken5.png in Resources */ = {isa = PBXBuildFile; fileRef = 6319A1AD1A7B7F5D00E21FDB /* ken5.png */; };
		6319A1BA1A7B7F5D00E21FDB /* ken5r.png in Resources */ = {isa = PBXBuildFile; fileRef = 6319A1AE1A7B7F5D00E21FDB /* ken5r.png */; };
		6319A1BB1A7B7F5D00E21FDB /* ken6.png in Resources */ = {isa = PBXBuildFile; fileRef = 6319A1AF1A7B7F5D00E21FDB /* ken6.png */; };
		6319A1BC1A7B7F5D00E21FDB /* ken6r.png in Resources */ = {isa = PBXBuildFile; fileRef = 6319A1B01A7B7F5D00E21FDB /* ken6r.png */; };
/* End PBXBuildFile section */

/* Begin PBXContainerItemProxy section */
		6319A1541A7B6FA100E21FDB /* PBXContainerItemProxy */ = {
			isa = PBXContainerItemProxy;
			containerPortal = 6319A1321A7B6FA000E21FDB /* Project object */;
			proxyType = 1;
			remoteGlobalIDString = 6319A1391A7B6FA100E21FDB;
			remoteInfo = TouchKen;
		};
/* End PBXContainerItemProxy section */

/* Begin PBXFileReference section */
		6319A13A1A7B6FA100E21FDB /* TouchKen.app */ = {isa = PBXFileReference; explicitFileType = wrapper.application; includeInIndex = 0; path = TouchKen.app; sourceTree = BUILT_PRODUCTS_DIR; };
		6319A13E1A7B6FA100E21FDB /* Info.plist */ = {isa = PBXFileReference; lastKnownFileType = text.plist.xml; path = Info.plist; sourceTree = "<group>"; };
		6319A13F1A7B6FA100E21FDB /* main.m */ = {isa = PBXFileReference; lastKnownFileType = sourcecode.c.objc; path = main.m; sourceTree = "<group>"; };
		6319A1411A7B6FA100E21FDB /* AppDelegate.h */ = {isa = PBXFileReference; lastKnownFileType = sourcecode.c.h; path = AppDelegate.h; sourceTree = "<group>"; };
		6319A1421A7B6FA100E21FDB /* AppDelegate.m */ = {isa = PBXFileReference; lastKnownFileType = sourcecode.c.objc; path = AppDelegate.m; sourceTree = "<group>"; };
		6319A1441A7B6FA100E21FDB /* ViewController.h */ = {isa = PBXFileReference; lastKnownFileType = sourcecode.c.h; path = ViewController.h; sourceTree = "<group>"; };
		6319A1451A7B6FA100E21FDB /* ViewController.m */ = {isa = PBXFileReference; lastKnownFileType = sourcecode.c.objc; path = ViewController.m; sourceTree = "<group>"; };
		6319A1481A7B6FA100E21FDB /* Base */ = {isa = PBXFileReference; lastKnownFileType = file.storyboard; name = Base; path = Base.lproj/Main.storyboard; sourceTree = "<group>"; };
		6319A14A1A7B6FA100E21FDB /* Images.xcassets */ = {isa = PBXFileReference; lastKnownFileType = folder.assetcatalog; path = Images.xcassets; sourceTree = "<group>"; };
		6319A14D1A7B6FA100E21FDB /* Base */ = {isa = PBXFileReference; lastKnownFileType = file.xib; name = Base; path = Base.lproj/LaunchScreen.xib; sourceTree = "<group>"; };
		6319A1531A7B6FA100E21FDB /* TouchKenTests.xctest */ = {isa = PBXFileReference; explicitFileType = wrapper.cfbundle; includeInIndex = 0; path = TouchKenTests.xctest; sourceTree = BUILT_PRODUCTS_DIR; };
		6319A1581A7B6FA100E21FDB /* Info.plist */ = {isa = PBXFileReference; lastKnownFileType = text.plist.xml; path = Info.plist; sourceTree = "<group>"; };
		6319A1591A7B6FA100E21FDB /* TouchKenTests.m */ = {isa = PBXFileReference; lastKnownFileType = sourcecode.c.objc; path = TouchKenTests.m; sourceTree = "<group>"; };
		6319A1631A7B6FC300E21FDB /* Ken.h */ = {isa = PBXFileReference; fileEncoding = 4; lastKnownFileType = sourcecode.c.h; path = Ken.h; sourceTree = "<group>"; };
		6319A1641A7B6FC300E21FDB /* Ken.m */ = {isa = PBXFileReference; fileEncoding = 4; lastKnownFileType = sourcecode.c.objc; path = Ken.m; sourceTree = "<group>"; };
		6319A1A51A7B7F5D00E21FDB /* ken1.png */ = {isa = PBXFileReference; lastKnownFileType = image.png; path = ken1.png; sourceTree = "<group>"; };
		6319A1A61A7B7F5D00E21FDB /* ken1r.png */ = {isa = PBXFileReference; lastKnownFileType = image.png; path = ken1r.png; sourceTree = "<group>"; };
		6319A1A71A7B7F5D00E21FDB /* ken2.png */ = {isa = PBXFileReference; lastKnownFileType = image.png; path = ken2.png; sourceTree = "<group>"; };
		6319A1A81A7B7F5D00E21FDB /* ken2r.png */ = {isa = PBXFileReference; lastKnownFileType = image.png; path = ken2r.png; sourceTree = "<group>"; };
		6319A1A91A7B7F5D00E21FDB /* ken3.png */ = {isa = PBXFileReference; lastKnownFileType = image.png; path = ken3.png; sourceTree = "<group>"; };
		6319A1AA1A7B7F5D00E21FDB /* ken3r.png */ = {isa = PBXFileReference; lastKnownFileType = image.png; path = ken3r.png; sourceTree = "<group>"; };
		6319A1AB1A7B7F5D00E21FDB /* ken4.png */ = {isa = PBXFileReference; lastKnownFileType = image.png; path = ken4.png; sourceTree = "<group>"; };
		6319A1AC1A7B7F5D00E21FDB /* ken4r.png */ = {isa = PBXFileReference; lastKnownFileType = image.png; path = ken4r.png; sourceTree = "<group>"; };
		6319A1AD1A7B7F5D00E21FDB /* ken5.png */ = {isa = PBXFileReference; lastKnownFileType = image.png; path = ken5.png; sourceTree = "<group>"; };
		6319A1AE1A7B7F5D00E21FDB /* ken5r.png */ = {isa = PBXFileReference; lastKnownFileType = image.png; path = ken5r.png; sourceTree = "<group>"; };
		6319A1AF1A7B7F5D00E21FDB /* ken6.png */ = {isa = PBXFileReference; lastKnownFileType = image.png; path = ken6.png; sourceTree = "<group>"; };
		6319A1B01A7B7F5D00E21FDB /* ken6r.png */ = {isa = PBXFileReference; lastKnownFileType = image.png; path = ken6r.png; sourceTree = "<group>"; };
/* End PBXFileReference section */

/* Begin PBXFrameworksBuildPhase section */
		6319A1371A7B6FA100E21FDB /* Frameworks */ = {
			isa = PBXFrameworksBuildPhase;
			buildActionMask = 2147483647;
			files = (
			);
			runOnlyForDeploymentPostprocessing = 0;
		};
		6319A1501A7B6FA100E21FDB /* Frameworks */ = {
			isa = PBXFrameworksBuildPhase;
			buildActionMask = 2147483647;
			files = (
			);
			runOnlyForDeploymentPostprocessing = 0;
		};
/* End PBXFrameworksBuildPhase section */

/* Begin PBXGroup section */
		6319A1311A7B6FA000E21FDB = {
			isa = PBXGroup;
			children = (
				6319A13C1A7B6FA100E21FDB /* TouchKen */,
				6319A1561A7B6FA100E21FDB /* TouchKenTests */,
				6319A13B1A7B6FA100E21FDB /* Products */,
			);
			sourceTree = "<group>";
		};
		6319A13B1A7B6FA100E21FDB /* Products */ = {
			isa = PBXGroup;
			children = (
				6319A13A1A7B6FA100E21FDB /* TouchKen.app */,
				6319A1531A7B6FA100E21FDB /* TouchKenTests.xctest */,
			);
			name = Products;
			sourceTree = "<group>";
		};
		6319A13C1A7B6FA100E21FDB /* TouchKen */ = {
			isa = PBXGroup;
			children = (
				6319A1A41A7B7F5D00E21FDB /* TouchKen_png */,
				6319A1411A7B6FA100E21FDB /* AppDelegate.h */,
				6319A1421A7B6FA100E21FDB /* AppDelegate.m */,
				6319A1441A7B6FA100E21FDB /* ViewController.h */,
				6319A1451A7B6FA100E21FDB /* ViewController.m */,
				6319A1471A7B6FA100E21FDB /* Main.storyboard */,
				6319A1631A7B6FC300E21FDB /* Ken.h */,
				6319A1641A7B6FC300E21FDB /* Ken.m */,
				6319A14A1A7B6FA100E21FDB /* Images.xcassets */,
				6319A14C1A7B6FA100E21FDB /* LaunchScreen.xib */,
				6319A13D1A7B6FA100E21FDB /* Supporting Files */,
			);
			path = TouchKen;
			sourceTree = "<group>";
		};
		6319A13D1A7B6FA100E21FDB /* Supporting Files */ = {
			isa = PBXGroup;
			children = (
				6319A13E1A7B6FA100E21FDB /* Info.plist */,
				6319A13F1A7B6FA100E21FDB /* main.m */,
			);
			name = "Supporting Files";
			sourceTree = "<group>";
		};
		6319A1561A7B6FA100E21FDB /* TouchKenTests */ = {
			isa = PBXGroup;
			children = (
				6319A1591A7B6FA100E21FDB /* TouchKenTests.m */,
				6319A1571A7B6FA100E21FDB /* Supporting Files */,
			);
			path = TouchKenTests;
			sourceTree = "<group>";
		};
		6319A1571A7B6FA100E21FDB /* Supporting Files */ = {
			isa = PBXGroup;
			children = (
				6319A1581A7B6FA100E21FDB /* Info.plist */,
			);
			name = "Supporting Files";
			sourceTree = "<group>";
		};
		6319A1A41A7B7F5D00E21FDB /* TouchKen_png */ = {
			isa = PBXGroup;
			children = (
				6319A1A51A7B7F5D00E21FDB /* ken1.png */,
				6319A1A61A7B7F5D00E21FDB /* ken1r.png */,
				6319A1A71A7B7F5D00E21FDB /* ken2.png */,
				6319A1A81A7B7F5D00E21FDB /* ken2r.png */,
				6319A1A91A7B7F5D00E21FDB /* ken3.png */,
				6319A1AA1A7B7F5D00E21FDB /* ken3r.png */,
				6319A1AB1A7B7F5D00E21FDB /* ken4.png */,
				6319A1AC1A7B7F5D00E21FDB /* ken4r.png */,
				6319A1AD1A7B7F5D00E21FDB /* ken5.png */,
				6319A1AE1A7B7F5D00E21FDB /* ken5r.png */,
				6319A1AF1A7B7F5D00E21FDB /* ken6.png */,
				6319A1B01A7B7F5D00E21FDB /* ken6r.png */,
			);
			path = TouchKen_png;
			sourceTree = "<group>";
		};
/* End PBXGroup section */

/* Begin PBXNativeTarget section */
		6319A1391A7B6FA100E21FDB /* TouchKen */ = {
			isa = PBXNativeTarget;
			buildConfigurationList = 6319A15D1A7B6FA100E21FDB /* Build configuration list for PBXNativeTarget "TouchKen" */;
			buildPhases = (
				6319A1361A7B6FA100E21FDB /* Sources */,
				6319A1371A7B6FA100E21FDB /* Frameworks */,
				6319A1381A7B6FA100E21FDB /* Resources */,
			);
			buildRules = (
			);
			dependencies = (
			);
			name = TouchKen;
			productName = TouchKen;
			productReference = 6319A13A1A7B6FA100E21FDB /* TouchKen.app */;
			productType = "com.apple.product-type.application";
		};
		6319A1521A7B6FA100E21FDB /* TouchKenTests */ = {
			isa = PBXNativeTarget;
			buildConfigurationList = 6319A1601A7B6FA100E21FDB /* Build configuration list for PBXNativeTarget "TouchKenTests" */;
			buildPhases = (
				6319A14F1A7B6FA100E21FDB /* Sources */,
				6319A1501A7B6FA100E21FDB /* Frameworks */,
				6319A1511A7B6FA100E21FDB /* Resources */,
			);
			buildRules = (
			);
			dependencies = (
				6319A1551A7B6FA100E21FDB /* PBXTargetDependency */,
			);
			name = TouchKenTests;
			productName = TouchKenTests;
			productReference = 6319A1531A7B6FA100E21FDB /* TouchKenTests.xctest */;
			productType = "com.apple.product-type.bundle.unit-test";
		};
/* End PBXNativeTarget section */

/* Begin PBXProject section */
		6319A1321A7B6FA000E21FDB /* Project object */ = {
			isa = PBXProject;
			attributes = {
				LastUpgradeCheck = 0610;
				ORGANIZATIONNAME = "Mac User";
				TargetAttributes = {
					6319A1391A7B6FA100E21FDB = {
						CreatedOnToolsVersion = 6.1;
					};
					6319A1521A7B6FA100E21FDB = {
						CreatedOnToolsVersion = 6.1;
						TestTargetID = 6319A1391A7B6FA100E21FDB;
					};
				};
			};
			buildConfigurationList = 6319A1351A7B6FA000E21FDB /* Build configuration list for PBXProject "TouchKen" */;
			compatibilityVersion = "Xcode 3.2";
			developmentRegion = English;
			hasScannedForEncodings = 0;
			knownRegions = (
				en,
				Base,
			);
			mainGroup = 6319A1311A7B6FA000E21FDB;
			productRefGroup = 6319A13B1A7B6FA100E21FDB /* Products */;
			projectDirPath = "";
			projectRoot = "";
			targets = (
				6319A1391A7B6FA100E21FDB /* TouchKen */,
				6319A1521A7B6FA100E21FDB /* TouchKenTests */,
			);
		};
/* End PBXProject section */

/* Begin PBXResourcesBuildPhase section */
		6319A1381A7B6FA100E21FDB /* Resources */ = {
			isa = PBXResourcesBuildPhase;
			buildActionMask = 2147483647;
			files = (
				6319A1491A7B6FA100E21FDB /* Main.storyboard in Resources */,
				6319A1B81A7B7F5D00E21FDB /* ken4r.png in Resources */,
				6319A1B91A7B7F5D00E21FDB /* ken5.png in Resources */,
				6319A1B71A7B7F5D00E21FDB /* ken4.png in Resources */,
				6319A14E1A7B6FA100E21FDB /* LaunchScreen.xib in Resources */,
				6319A1BB1A7B7F5D00E21FDB /* ken6.png in Resources */,
				6319A1B41A7B7F5D00E21FDB /* ken2r.png in Resources */,
				6319A1BC1A7B7F5D00E21FDB /* ken6r.png in Resources */,
				6319A1B21A7B7F5D00E21FDB /* ken1r.png in Resources */,
				6319A1BA1A7B7F5D00E21FDB /* ken5r.png in Resources */,
				6319A1B61A7B7F5D00E21FDB /* ken3r.png in Resources */,
				6319A1B51A7B7F5D00E21FDB /* ken3.png in Resources */,
				6319A1B11A7B7F5D00E21FDB /* ken1.png in Resources */,
				6319A14B1A7B6FA100E21FDB /* Images.xcassets in Resources */,
				6319A1B31A7B7F5D00E21FDB /* ken2.png in Resources */,
			);
			runOnlyForDeploymentPostprocessing = 0;
		};
		6319A1511A7B6FA100E21FDB /* Resources */ = {
			isa = PBXResourcesBuildPhase;
			buildActionMask = 2147483647;
			files = (
			);
			runOnlyForDeploymentPostprocessing = 0;
		};
/* End PBXResourcesBuildPhase section */

/* Begin PBXSourcesBuildPhase section */
		6319A1361A7B6FA100E21FDB /* Sources */ = {
			isa = PBXSourcesBuildPhase;
			buildActionMask = 2147483647;
			files = (
				6319A1461A7B6FA100E21FDB /* ViewController.m in Sources */,
				6319A1431A7B6FA100E21FDB /* AppDelegate.m in Sources */,
				6319A1651A7B6FC300E21FDB /* Ken.m in Sources */,
				6319A1401A7B6FA100E21FDB /* main.m in Sources */,
			);
			runOnlyForDeploymentPostprocessing = 0;
		};
		6319A14F1A7B6FA100E21FDB /* Sources */ = {
			isa = PBXSourcesBuildPhase;
			buildActionMask = 2147483647;
			files = (
				6319A15A1A7B6FA100E21FDB /* TouchKenTests.m in Sources */,
			);
			runOnlyForDeploymentPostprocessing = 0;
		};
/* End PBXSourcesBuildPhase section */

/* Begin PBXTargetDependency section */
		6319A1551A7B6FA100E21FDB /* PBXTargetDependency */ = {
			isa = PBXTargetDependency;
			target = 6319A1391A7B6FA100E21FDB /* TouchKen */;
			targetProxy = 6319A1541A7B6FA100E21FDB /* PBXContainerItemProxy */;
		};
/* End PBXTargetDependency section */

/* Begin PBXVariantGroup section */
		6319A1471A7B6FA100E21FDB /* Main.storyboard */ = {
			isa = PBXVariantGroup;
			children = (
				6319A1481A7B6FA100E21FDB /* Base */,
			);
			name = Main.storyboard;
			sourceTree = "<group>";
		};
		6319A14C1A7B6FA100E21FDB /* LaunchScreen.xib */ = {
			isa = PBXVariantGroup;
			children = (
				6319A14D1A7B6FA100E21FDB /* Base */,
			);
			name = LaunchScreen.xib;
			sourceTree = "<group>";
		};
/* End PBXVariantGroup section */

/* Begin XCBuildConfiguration section */
		6319A15B1A7B6FA100E21FDB /* Debug */ = {
			isa = XCBuildConfiguration;
			buildSettings = {
				ALWAYS_SEARCH_USER_PATHS = NO;
				CLANG_CXX_LANGUAGE_STANDARD = "gnu++0x";
				CLANG_CXX_LIBRARY = "libc++";
				CLANG_ENABLE_MODULES = YES;
				CLANG_ENABLE_OBJC_ARC = YES;
				CLANG_WARN_BOOL_CONVERSION = YES;
				CLANG_WARN_CONSTANT_CONVERSION = YES;
				CLANG_WARN_DIRECT_OBJC_ISA_USAGE = YES_ERROR;
				CLANG_WARN_EMPTY_BODY = YES;
				CLANG_WARN_ENUM_CONVERSION = YES;
				CLANG_WARN_INT_CONVERSION = YES;
				CLANG_WARN_OBJC_ROOT_CLASS = YES_ERROR;
				CLANG_WARN_UNREACHABLE_CODE = YES;
				CLANG_WARN__DUPLICATE_METHOD_MATCH = YES;
				"CODE_SIGN_IDENTITY[sdk=iphoneos*]" = "iPhone Developer";
				COPY_PHASE_STRIP = NO;
				ENABLE_STRICT_OBJC_MSGSEND = YES;
				GCC_C_LANGUAGE_STANDARD = gnu99;
				GCC_DYNAMIC_NO_PIC = NO;
				GCC_OPTIMIZATION_LEVEL = 0;
				GCC_PREPROCESSOR_DEFINITIONS = (
					"DEBUG=1",
					"$(inherited)",
				);
				GCC_SYMBOLS_PRIVATE_EXTERN = NO;
				GCC_WARN_64_TO_32_BIT_CONVERSION = YES;
				GCC_WARN_ABOUT_RETURN_TYPE = YES_ERROR;
				GCC_WARN_UNDECLARED_SELECTOR = YES;
				GCC_WARN_UNINITIALIZED_AUTOS = YES_AGGRESSIVE;
				GCC_WARN_UNUSED_FUNCTION = YES;
				GCC_WARN_UNUSED_VARIABLE = YES;
				IPHONEOS_DEPLOYMENT_TARGET = 8.1;
				MTL_ENABLE_DEBUG_INFO = YES;
				ONLY_ACTIVE_ARCH = YES;
				SDKROOT = iphoneos;
			};
			name = Debug;
		};
		6319A15C1A7B6FA100E21FDB /* Release */ = {
			isa = XCBuildConfiguration;
			buildSettings = {
				ALWAYS_SEARCH_USER_PATHS = NO;
				CLANG_CXX_LANGUAGE_STANDARD = "gnu++0x";
				CLANG_CXX_LIBRARY = "libc++";
				CLANG_ENABLE_MODULES = YES;
				CLANG_ENABLE_OBJC_ARC = YES;
				CLANG_WARN_BOOL_CONVERSION = YES;
				CLANG_WARN_CONSTANT_CONVERSION = YES;
				CLANG_WARN_DIRECT_OBJC_ISA_USAGE = YES_ERROR;
				CLANG_WARN_EMPTY_BODY = YES;
				CLANG_WARN_ENUM_CONVERSION = YES;
				CLANG_WARN_INT_CONVERSION = YES;
				CLANG_WARN_OBJC_ROOT_CLASS = YES_ERROR;
				CLANG_WARN_UNREACHABLE_CODE = YES;
				CLANG_WARN__DUPLICATE_METHOD_MATCH = YES;
				"CODE_SIGN_IDENTITY[sdk=iphoneos*]" = "iPhone Developer";
				COPY_PHASE_STRIP = YES;
				ENABLE_NS_ASSERTIONS = NO;
				ENABLE_STRICT_OBJC_MSGSEND = YES;
				GCC_C_LANGUAGE_STANDARD = gnu99;
				GCC_WARN_64_TO_32_BIT_CONVERSION = YES;
				GCC_WARN_ABOUT_RETURN_TYPE = YES_ERROR;
				GCC_WARN_UNDECLARED_SELECTOR = YES;
				GCC_WARN_UNINITIALIZED_AUTOS = YES_AGGRESSIVE;
				GCC_WARN_UNUSED_FUNCTION = YES;
				GCC_WARN_UNUSED_VARIABLE = YES;
				IPHONEOS_DEPLOYMENT_TARGET = 8.1;
				MTL_ENABLE_DEBUG_INFO = NO;
				SDKROOT = iphoneos;
				VALIDATE_PRODUCT = YES;
			};
			name = Release;
		};
		6319A15E1A7B6FA100E21FDB /* Debug */ = {
			isa = XCBuildConfiguration;
			buildSettings = {
				ASSETCATALOG_COMPILER_APPICON_NAME = AppIcon;
				INFOPLIST_FILE = TouchKen/Info.plist;
				LD_RUNPATH_SEARCH_PATHS = "$(inherited) @executable_path/Frameworks";
				PRODUCT_NAME = "$(TARGET_NAME)";
			};
			name = Debug;
		};
		6319A15F1A7B6FA100E21FDB /* Release */ = {
			isa = XCBuildConfiguration;
			buildSettings = {
				ASSETCATALOG_COMPILER_APPICON_NAME = AppIcon;
				INFOPLIST_FILE = TouchKen/Info.plist;
				LD_RUNPATH_SEARCH_PATHS = "$(inherited) @executable_path/Frameworks";
				PRODUCT_NAME = "$(TARGET_NAME)";
			};
			name = Release;
		};
		6319A1611A7B6FA100E21FDB /* Debug */ = {
			isa = XCBuildConfiguration;
			buildSettings = {
				BUNDLE_LOADER = "$(TEST_HOST)";
				FRAMEWORK_SEARCH_PATHS = (
					"$(SDKROOT)/Developer/Library/Frameworks",
					"$(inherited)",
				);
				GCC_PREPROCESSOR_DEFINITIONS = (
					"DEBUG=1",
					"$(inherited)",
				);
				INFOPLIST_FILE = TouchKenTests/Info.plist;
				LD_RUNPATH_SEARCH_PATHS = "$(inherited) @executable_path/Frameworks @loader_path/Frameworks";
				PRODUCT_NAME = "$(TARGET_NAME)";
				TEST_HOST = "$(BUILT_PRODUCTS_DIR)/TouchKen.app/TouchKen";
			};
			name = Debug;
		};
		6319A1621A7B6FA100E21FDB /* Release */ = {
			isa = XCBuildConfiguration;
			buildSettings = {
				BUNDLE_LOADER = "$(TEST_HOST)";
				FRAMEWORK_SEARCH_PATHS = (
					"$(SDKROOT)/Developer/Library/Frameworks",
					"$(inherited)",
				);
				INFOPLIST_FILE = TouchKenTests/Info.plist;
				LD_RUNPATH_SEARCH_PATHS = "$(inherited) @executable_path/Frameworks @loader_path/Frameworks";
				PRODUCT_NAME = "$(TARGET_NAME)";
				TEST_HOST = "$(BUILT_PRODUCTS_DIR)/TouchKen.app/TouchKen";
			};
			name = Release;
		};
/* End XCBuildConfiguration section */

/* Begin XCConfigurationList section */
		6319A1351A7B6FA000E21FDB /* Build configuration list for PBXProject "TouchKen" */ = {
			isa = XCConfigurationList;
			buildConfigurations = (
				6319A15B1A7B6FA100E21FDB /* Debug */,
				6319A15C1A7B6FA100E21FDB /* Release */,
			);
			defaultConfigurationIsVisible = 0;
			defaultConfigurationName = Release;
		};
		6319A15D1A7B6FA100E21FDB /* Build configuration list for PBXNativeTarget "TouchKen" */ = {
			isa = XCConfigurationList;
			buildConfigurations = (
				6319A15E1A7B6FA100E21FDB /* Debug */,
				6319A15F1A7B6FA100E21FDB /* Release */,
			);
			defaultConfigurationIsVisible = 0;
		};
		6319A1601A7B6FA100E21FDB /* Build configuration list for PBXNativeTarget "TouchKenTests" */ = {
			isa = XCConfigurationList;
			buildConfigurations = (
				6319A1611A7B6FA100E21FDB /* Debug */,
				6319A1621A7B6FA100E21FDB /* Release */,
			);
			defaultConfigurationIsVisible = 0;
		};
/* End XCConfigurationList section */
	};
	rootObject = 6319A1321A7B6FA000E21FDB /* Project object */;
}
